
Microsoft Visual Studio Solution File, Format Version 12.00
# Visual Studio 2012
Project("{FAE04EC0-301F-11D3-BF4B-00C04F79EFBC}") = "DBproject", "DBproject\DBproject.csproj", "{11BF1A78-CC14-426D-A4E4-48298757AF01}"
EndProject
Project("{FAE04EC0-301F-11D3-BF4B-00C04F79EFBC}") = "QuizDatabase", "..\..\QuizDatabase\QuizDatabase\QuizDatabase.csproj", "{2B785C41-F9BB-4E71-B1C8-F48FB1E56DAA}"
EndProject
Global
	GlobalSection(SolutionConfigurationPlatforms) = preSolution
		Debug|Any CPU = Debug|Any CPU
		Release|Any CPU = Release|Any CPU
	EndGlobalSection
	GlobalSection(ProjectConfigurationPlatforms) = postSolution
		{11BF1A78-CC14-426D-A4E4-48298757AF01}.Debug|Any CPU.ActiveCfg = Debug|Any CPU
		{11BF1A78-CC14-426D-A4E4-48298757AF01}.Debug|Any CPU.Build.0 = Debug|Any CPU
		{11BF1A78-CC14-426D-A4E4-48298757AF01}.Release|Any CPU.ActiveCfg = Release|Any CPU
		{11BF1A78-CC14-426D-A4E4-48298757AF01}.Release|Any CPU.Build.0 = Release|Any CPU
		{2B785C41-F9BB-4E71-B1C8-F48FB1E56DAA}.Debug|Any CPU.ActiveCfg = Debug|Any CPU
		{2B785C41-F9BB-4E71-B1C8-F48FB1E56DAA}.Debug|Any CPU.Build.0 = Debug|Any CPU
		{2B785C41-F9BB-4E71-B1C8-F48FB1E56DAA}.Release|Any CPU.ActiveCfg = Release|Any CPU
		{2B785C41-F9BB-4E71-B1C8-F48FB1E56DAA}.Release|Any CPU.Build.0 = Release|Any CPU
	EndGlobalSection
	GlobalSection(SolutionProperties) = preSolution
		HideSolutionNode = FALSE
	EndGlobalSection
EndGlobal
